{
    "name": "ollama-bench",
    "version": "1.0.0",
    "lockfileVersion": 2,
    "requires": true,
    "packages": {
        "": {
            "name": "ollama-bench",
            "version": "1.0.0",
            "license": "MIT",
            "dependencies": {
                "ollama": "^0.5.9"
            },
            "bin": {
                "ollama-bench": "dist/index.js"
            },
            "devDependencies": {
                "@types/node": "^20.17.5",
                "typescript": "^5.6.3"
            },
            "engines": {
                "node": ">=14.0.0"
            }
        },
        "node_modules/@types/node": {
            "version": "20.17.5",
            "resolved": "https://registry.npmjs.org/@types/node/-/node-20.17.5.tgz",
            "integrity": "sha512-n8FYY/pRxu496441gIcAQFZPKXbhsd6VZygcq+PTSZ75eMh/Ke0hCAROdUa21qiFqKNsPPYic46yXDO1JGiPBQ==",
            "dev": true,
            "license": "MIT",
            "dependencies": {
                "undici-types": "~6.19.2"
            }
        },
        "node_modules/ollama": {
            "version": "0.5.9",
            "resolved": "https://registry.npmjs.org/ollama/-/ollama-0.5.9.tgz",
            "integrity": "sha512-F/KZuDRC+ZsVCuMvcOYuQ6zj42/idzCkkuknGyyGVmNStMZ/sU3jQpvhnl4SyC0+zBzLiKNZJnJeuPFuieWZvQ==",
            "license": "MIT",
            "dependencies": {
                "whatwg-fetch": "^3.6.20"
            }
        },
        "node_modules/typescript": {
            "version": "5.6.3",
            "resolved": "https://registry.npmjs.org/typescript/-/typescript-5.6.3.tgz",
            "integrity": "sha512-hjcS1mhfuyi4WW8IWtjP7brDrG2cuDZukyrYrSauoXGNgx0S7zceP07adYkJycEr56BOUTNPzbInooiN3fn1qw==",
            "dev": true,
            "license": "Apache-2.0",
            "bin": {
                "tsc": "bin/tsc",
                "tsserver": "bin/tsserver"
            },
            "engines": {
                "node": ">=14.17"
            }
        },
        "node_modules/undici-types": {
            "version": "6.19.8",
            "resolved": "https://registry.npmjs.org/undici-types/-/undici-types-6.19.8.tgz",
            "integrity": "sha512-ve2KP6f/JnbPBFyobGHuerC9g1FYGn/F8n1LWTwNxCEzd6IfqTwUQcNXgEtmmQ6DlRrC1hrSrBnCZPokRrDHjw==",
            "dev": true
        },
        "node_modules/whatwg-fetch": {
            "version": "3.6.20",
            "resolved": "https://registry.npmjs.org/whatwg-fetch/-/whatwg-fetch-3.6.20.tgz",
            "integrity": "sha512-EqhiFU6daOA8kpjOWTL0olhVOF3i7OrFzSYiGsEMB8GcXS+RrzauAERX65xMeNWVqxA6HXH2m69Z9LaKKdisfg=="
        }
    },
    "dependencies": {
        "@types/node": {
            "version": "20.17.5",
            "resolved": "https://registry.npmjs.org/@types/node/-/node-20.17.5.tgz",
            "integrity": "sha512-n8FYY/pRxu496441gIcAQFZPKXbhsd6VZygcq+PTSZ75eMh/Ke0hCAROdUa21qiFqKNsPPYic46yXDO1JGiPBQ==",
            "dev": true,
            "requires": {
                "undici-types": "~6.19.2"
            }
        },
        "ollama": {
            "version": "0.5.9",
            "resolved": "https://registry.npmjs.org/ollama/-/ollama-0.5.9.tgz",
            "integrity": "sha512-F/KZuDRC+ZsVCuMvcOYuQ6zj42/idzCkkuknGyyGVmNStMZ/sU3jQpvhnl4SyC0+zBzLiKNZJnJeuPFuieWZvQ==",
            "requires": {
                "whatwg-fetch": "^3.6.20"
            }
        },
        "typescript": {
            "version": "5.6.3",
            "resolved": "https://registry.npmjs.org/typescript/-/typescript-5.6.3.tgz",
            "integrity": "sha512-hjcS1mhfuyi4WW8IWtjP7brDrG2cuDZukyrYrSauoXGNgx0S7zceP07adYkJycEr56BOUTNPzbInooiN3fn1qw==",
            "dev": true
        },
        "undici-types": {
            "version": "6.19.8",
            "resolved": "https://registry.npmjs.org/undici-types/-/undici-types-6.19.8.tgz",
            "integrity": "sha512-ve2KP6f/JnbPBFyobGHuerC9g1FYGn/F8n1LWTwNxCEzd6IfqTwUQcNXgEtmmQ6DlRrC1hrSrBnCZPokRrDHjw==",
            "dev": true
        },
        "whatwg-fetch": {
            "version": "3.6.20",
            "resolved": "https://registry.npmjs.org/whatwg-fetch/-/whatwg-fetch-3.6.20.tgz",
            "integrity": "sha512-EqhiFU6daOA8kpjOWTL0olhVOF3i7OrFzSYiGsEMB8GcXS+RrzauAERX65xMeNWVqxA6HXH2m69Z9LaKKdisfg=="
        }
    }
}
